PODS:
  - Alamofire (4.6.0)
  - Differentiator (3.0.2)
  - KeychainAccess (3.1.1)
  - Moya/Core (10.0.2):
    - Alamofire (~> 4.1)
    - Result (~> 3.0)
  - Moya/RxSwift (10.0.2):
    - Moya/Core
    - RxSwift (~> 4.0)
  - Nimble (7.0.3)
  - Quick (1.2.0)
  - Result (3.2.4)
  - RxBlocking (4.1.1):
    - RxSwift (~> 4.0)
  - RxCocoa (4.1.1):
    - RxSwift (~> 4.0)
  - RxDataSources (3.0.2):
    - Differentiator (~> 3.0)
    - RxCocoa (~> 4.0)
    - RxSwift (~> 4.0)
  - RxOptional (3.3.0):
    - RxCocoa (~> 4.0)
    - RxSwift (~> 4.0)
  - RxSwift (4.0.0)
  - RxTest (4.1.1):
    - RxSwift (~> 4.0)
  - SDWebImage (4.3.0):
    - SDWebImage/Core (= 4.3.0)
  - SDWebImage/Core (4.3.0)
  - SVProgressHUD (2.1.2)
  - SwiftIconFont (2.7.3)
  - XLPagerTabStrip (8.0.0)

DEPENDENCIES:
  - KeychainAccess (~> 3.1.1)
  - Moya/RxSwift
  - Nimble
  - Quick
  - Result
  - RxBlocking
  - RxCocoa
  - RxDataSources
  - RxOptional
  - RxSwift
  - RxTest
  - SDWebImage
  - SVProgressHUD
  - SwiftIconFont
  - XLPagerTabStrip

SPEC REPOS:
  https://github.com/cocoapods/specs.git:
    - Alamofire
    - Differentiator
    - KeychainAccess
    - Moya
    - Nimble
    - Quick
    - Result
    - RxBlocking
    - RxCocoa
    - RxDataSources
    - RxOptional
    - RxSwift
    - RxTest
    - SDWebImage
    - SVProgressHUD
    - SwiftIconFont
    - XLPagerTabStrip

SPEC CHECKSUMS:
  Alamofire: f41a599bd63041760b26d393ec1069d9d7b917f4
  Differentiator: a87be69eba49ec4ab460c7671143ee3a9eececfd
  KeychainAccess: 7bd430028059754a3debab3cfc0bd1fc7fb85df3
  Moya: 2b0531a9fef318e0bc484030c3db1e6f279ccb66
  Nimble: 7f5a9c447a33002645a071bddafbfb24ea70e0ac
  Quick: 58d203b1c5e27fff7229c4c1ae445ad7069a7a08
  Result: d2d07204ce72856f1fd9130bbe42c35a7b0fea10
  RxBlocking: 22e7d7b86a1c0c42164a30d64f56f97128b4ffab
  RxCocoa: fd0862fd2df95fa55562ad28ffd2522c25eb4a85
  RxDataSources: cb7c31e652a87ebb919da45f716bbb87b3765f6b
  RxOptional: e5448d3e21024489e07c31f6a262f2b50c975367
  RxSwift: fd680d75283beb5e2559486f3c0ff852f0d35334
  RxTest: f934010a5b07ecd627cb70b38eb4baf0414591d2
  SDWebImage: 6da6c8bca115addc4de8613362e1b15f66333825
  SVProgressHUD: c404a55d78acbeb7ebb78b76d3faf986475a6994
  SwiftIconFont: ebd8ee931a1e7072b61a87aec53f3a0786ef7f2b
  XLPagerTabStrip: d1ab378af0923320ec0b5eab11d7b2f803d31261

PODFILE CHECKSUM: fdc4d42722211e156caefc5d427e9299af45542e

COCOAPODS: 1.5.3
